
Microsoft Visual Studio Solution File, Format Version 12.00
# Visual Studio Version 17
VisualStudioVersion = 17.5.002.0
MinimumVisualStudioVersion = 10.0.40219.1
Project("{9A19103F-16F7-4668-BE54-9A1E7A4F7556}") = "CodeGenerator", "CodeGenerator.csproj", "{62E7D4D4-0F08-4BC8-8B88-F42DD934175D}"
EndProject
Global
	GlobalSection(SolutionConfigurationPlatforms) = preSolution
		Debug|Any CPU = Debug|Any CPU
		Release|Any CPU = Release|Any CPU
	EndGlobalSection
	GlobalSection(ProjectConfigurationPlatforms) = postSolution
		{62E7D4D4-0F08-4BC8-8B88-F42DD934175D}.Debug|Any CPU.ActiveCfg = Debug|Any CPU
		{62E7D4D4-0F08-4BC8-8B88-F42DD934175D}.Debug|Any CPU.Build.0 = Debug|Any CPU
		{62E7D4D4-0F08-4BC8-8B88-F42DD934175D}.Release|Any CPU.ActiveCfg = Release|Any CPU
		{62E7D4D4-0F08-4BC8-8B88-F42DD934175D}.Release|Any CPU.Build.0 = Release|Any CPU
	EndGlobalSection
	GlobalSection(SolutionProperties) = preSolution
		HideSolutionNode = FALSE
	EndGlobalSection
	GlobalSection(ExtensibilityGlobals) = postSolution
		SolutionGuid = {51107D9C-717A-4E54-954A-9C1987B22BFC}
	EndGlobalSection
EndGlobal
